
Microsoft Visual Studio Solution File, Format Version 12.00
# Visual Studio 15
VisualStudioVersion = 15.0.26124.0
MinimumVisualStudioVersion = 15.0.26124.0
Project("{2150E333-8FDC-42A3-9474-1A3956D46DE8}") = "src", "src", "{9B3FFC5B-77C2-4BA9-8C77-C5B124D33CD8}"
EndProject
Project("{FAE04EC0-301F-11D3-BF4B-00C04F79EFBC}") = "IdentityServer", "src\IdentityServer\IdentityServer.csproj", "{097F87E7-43D3-4705-88B8-E58E7D2E8DEF}"
EndProject
Global
	GlobalSection(SolutionConfigurationPlatforms) = preSolution
		Debug|Any CPU = Debug|Any CPU
		Debug|x64 = Debug|x64
		Debug|x86 = Debug|x86
		Release|Any CPU = Release|Any CPU
		Release|x64 = Release|x64
		Release|x86 = Release|x86
	EndGlobalSection
	GlobalSection(SolutionProperties) = preSolution
		HideSolutionNode = FALSE
	EndGlobalSection
	GlobalSection(ProjectConfigurationPlatforms) = postSolution
		{097F87E7-43D3-4705-88B8-E58E7D2E8DEF}.Debug|Any CPU.ActiveCfg = Debug|Any CPU
		{097F87E7-43D3-4705-88B8-E58E7D2E8DEF}.Debug|Any CPU.Build.0 = Debug|Any CPU
		{097F87E7-43D3-4705-88B8-E58E7D2E8DEF}.Debug|x64.ActiveCfg = Debug|Any CPU
		{097F87E7-43D3-4705-88B8-E58E7D2E8DEF}.Debug|x64.Build.0 = Debug|Any CPU
		{097F87E7-43D3-4705-88B8-E58E7D2E8DEF}.Debug|x86.ActiveCfg = Debug|Any CPU
		{097F87E7-43D3-4705-88B8-E58E7D2E8DEF}.Debug|x86.Build.0 = Debug|Any CPU
		{097F87E7-43D3-4705-88B8-E58E7D2E8DEF}.Release|Any CPU.ActiveCfg = Release|Any CPU
		{097F87E7-43D3-4705-88B8-E58E7D2E8DEF}.Release|Any CPU.Build.0 = Release|Any CPU
		{097F87E7-43D3-4705-88B8-E58E7D2E8DEF}.Release|x64.ActiveCfg = Release|Any CPU
		{097F87E7-43D3-4705-88B8-E58E7D2E8DEF}.Release|x64.Build.0 = Release|Any CPU
		{097F87E7-43D3-4705-88B8-E58E7D2E8DEF}.Release|x86.ActiveCfg = Release|Any CPU
		{097F87E7-43D3-4705-88B8-E58E7D2E8DEF}.Release|x86.Build.0 = Release|Any CPU
	EndGlobalSection
	GlobalSection(NestedProjects) = preSolution
		{097F87E7-43D3-4705-88B8-E58E7D2E8DEF} = {9B3FFC5B-77C2-4BA9-8C77-C5B124D33CD8}
	EndGlobalSection
EndGlobal
